
Microsoft Visual Studio Solution File, Format Version 12.00
Project("{FAE04EC0-301F-11D3-BF4B-00C04F79EFBC}") = "OsuPlayer", "OsuPlayer\OsuPlayer.csproj", "{600BF274-0B41-4748-A679-95F90F1DE679}"
	ProjectSection(ProjectDependencies) = postProject
		{99497585-DB09-4427-8813-88CE41BB392E} = {99497585-DB09-4427-8813-88CE41BB392E}
	EndProjectSection
EndProject
Project("{2150E333-8FDC-42A3-9474-1A3956D46DE8}") = "Modules", "Modules", "{AF8CA35D-63B3-4B8B-95B1-4717C57ED0E1}"
EndProject
Project("{FAE04EC0-301F-11D3-BF4B-00C04F79EFBC}") = "OsuPlayer.Data", "OsuPlayer.Data\OsuPlayer.Data.csproj", "{0034AEFA-ED66-47FA-AA37-1AB01F371AAF}"
EndProject
Project("{FAE04EC0-301F-11D3-BF4B-00C04F79EFBC}") = "OsuPlayer.Network", "OsuPlayer.Network\OsuPlayer.Network.csproj", "{BA8BF006-1EAD-4758-B3D4-A9500763602E}"
EndProject
Project("{FAE04EC0-301F-11D3-BF4B-00C04F79EFBC}") = "OsuPlayer.Extensions", "OsuPlayer.Extensions\OsuPlayer.Extensions.csproj", "{1348175E-50BC-43C4-9196-AF05E4AB21D3}"
EndProject
Project("{FAE04EC0-301F-11D3-BF4B-00C04F79EFBC}") = "OsuPlayer.IO", "OsuPlayer.IO\OsuPlayer.IO.csproj", "{5C528D33-1973-412A-8068-8397B7BE5897}"
EndProject
Project("{FAE04EC0-301F-11D3-BF4B-00C04F79EFBC}") = "OsuPlayer.NativeLibs", "OsuPlayer.NativeLibs\OsuPlayer.NativeLibs.csproj", "{D428D0A2-A166-4522-98CF-6365261E2C8F}"
EndProject
Project("{FAE04EC0-301F-11D3-BF4B-00C04F79EFBC}") = "OsuPlayer.Tests", "OsuPlayer.Tests\OsuPlayer.Tests.csproj", "{BA344BAD-2E55-4617-B2E0-926D67D8BBA8}"
EndProject
Project("{2150E333-8FDC-42A3-9474-1A3956D46DE8}") = "Tests", "Tests", "{0EC9D629-BCAE-4603-9ACA-8479877FA198}"
EndProject
Project("{FAE04EC0-301F-11D3-BF4B-00C04F79EFBC}") = "OsuPlayer.CrashHandler", "OsuPlayer.CrashHandler\OsuPlayer.CrashHandler.csproj", "{99497585-DB09-4427-8813-88CE41BB392E}"
EndProject
Project("{FAE04EC0-301F-11D3-BF4B-00C04F79EFBC}") = "OsuPlayer.Services", "OsuPlayer.Services\OsuPlayer.Services.csproj", "{704B3DBB-458D-4C83-818D-3BE403AA433B}"
EndProject
Project("{FAE04EC0-301F-11D3-BF4B-00C04F79EFBC}") = "OsuPlayer.Interfaces", "OsuPlayer.Interfaces\OsuPlayer.Interfaces.csproj", "{959F77A7-DC5D-4C01-8291-2660683C099C}"
EndProject
Project("{FAE04EC0-301F-11D3-BF4B-00C04F79EFBC}") = "OsuPlayer.Updater", "OsuPlayer.Updater\OsuPlayer.Updater.csproj", "{47DBB049-30B7-4A4A-ABEA-2105AD945D9C}"
EndProject
Global
	GlobalSection(SolutionConfigurationPlatforms) = preSolution
		Debug|Any CPU = Debug|Any CPU
		Release|Any CPU = Release|Any CPU
	EndGlobalSection
	GlobalSection(ProjectConfigurationPlatforms) = postSolution
		{600BF274-0B41-4748-A679-95F90F1DE679}.Debug|Any CPU.ActiveCfg = Debug|Any CPU
		{600BF274-0B41-4748-A679-95F90F1DE679}.Debug|Any CPU.Build.0 = Debug|Any CPU
		{600BF274-0B41-4748-A679-95F90F1DE679}.Release|Any CPU.ActiveCfg = Release|Any CPU
		{600BF274-0B41-4748-A679-95F90F1DE679}.Release|Any CPU.Build.0 = Release|Any CPU
		{0034AEFA-ED66-47FA-AA37-1AB01F371AAF}.Debug|Any CPU.ActiveCfg = Debug|Any CPU
		{0034AEFA-ED66-47FA-AA37-1AB01F371AAF}.Debug|Any CPU.Build.0 = Debug|Any CPU
		{0034AEFA-ED66-47FA-AA37-1AB01F371AAF}.Release|Any CPU.ActiveCfg = Release|Any CPU
		{0034AEFA-ED66-47FA-AA37-1AB01F371AAF}.Release|Any CPU.Build.0 = Release|Any CPU
		{BA8BF006-1EAD-4758-B3D4-A9500763602E}.Debug|Any CPU.ActiveCfg = Debug|Any CPU
		{BA8BF006-1EAD-4758-B3D4-A9500763602E}.Debug|Any CPU.Build.0 = Debug|Any CPU
		{BA8BF006-1EAD-4758-B3D4-A9500763602E}.Release|Any CPU.ActiveCfg = Release|Any CPU
		{BA8BF006-1EAD-4758-B3D4-A9500763602E}.Release|Any CPU.Build.0 = Release|Any CPU
		{1348175E-50BC-43C4-9196-AF05E4AB21D3}.Debug|Any CPU.ActiveCfg = Debug|Any CPU
		{1348175E-50BC-43C4-9196-AF05E4AB21D3}.Debug|Any CPU.Build.0 = Debug|Any CPU
		{1348175E-50BC-43C4-9196-AF05E4AB21D3}.Release|Any CPU.ActiveCfg = Release|Any CPU
		{1348175E-50BC-43C4-9196-AF05E4AB21D3}.Release|Any CPU.Build.0 = Release|Any CPU
		{5C528D33-1973-412A-8068-8397B7BE5897}.Debug|Any CPU.ActiveCfg = Debug|Any CPU
		{5C528D33-1973-412A-8068-8397B7BE5897}.Debug|Any CPU.Build.0 = Debug|Any CPU
		{5C528D33-1973-412A-8068-8397B7BE5897}.Release|Any CPU.ActiveCfg = Release|Any CPU
		{5C528D33-1973-412A-8068-8397B7BE5897}.Release|Any CPU.Build.0 = Release|Any CPU
		{D428D0A2-A166-4522-98CF-6365261E2C8F}.Debug|Any CPU.ActiveCfg = Debug|Any CPU
		{D428D0A2-A166-4522-98CF-6365261E2C8F}.Debug|Any CPU.Build.0 = Debug|Any CPU
		{D428D0A2-A166-4522-98CF-6365261E2C8F}.Release|Any CPU.ActiveCfg = Release|Any CPU
		{D428D0A2-A166-4522-98CF-6365261E2C8F}.Release|Any CPU.Build.0 = Release|Any CPU
		{BA344BAD-2E55-4617-B2E0-926D67D8BBA8}.Debug|Any CPU.ActiveCfg = Debug|Any CPU
		{BA344BAD-2E55-4617-B2E0-926D67D8BBA8}.Debug|Any CPU.Build.0 = Debug|Any CPU
		{BA344BAD-2E55-4617-B2E0-926D67D8BBA8}.Release|Any CPU.ActiveCfg = Release|Any CPU
		{BA344BAD-2E55-4617-B2E0-926D67D8BBA8}.Release|Any CPU.Build.0 = Release|Any CPU
		{99497585-DB09-4427-8813-88CE41BB392E}.Debug|Any CPU.ActiveCfg = Debug|Any CPU
		{99497585-DB09-4427-8813-88CE41BB392E}.Debug|Any CPU.Build.0 = Debug|Any CPU
		{99497585-DB09-4427-8813-88CE41BB392E}.Release|Any CPU.ActiveCfg = Release|Any CPU
		{99497585-DB09-4427-8813-88CE41BB392E}.Release|Any CPU.Build.0 = Release|Any CPU
		{704B3DBB-458D-4C83-818D-3BE403AA433B}.Debug|Any CPU.ActiveCfg = Debug|Any CPU
		{704B3DBB-458D-4C83-818D-3BE403AA433B}.Debug|Any CPU.Build.0 = Debug|Any CPU
		{704B3DBB-458D-4C83-818D-3BE403AA433B}.Release|Any CPU.ActiveCfg = Release|Any CPU
		{704B3DBB-458D-4C83-818D-3BE403AA433B}.Release|Any CPU.Build.0 = Release|Any CPU
		{959F77A7-DC5D-4C01-8291-2660683C099C}.Debug|Any CPU.ActiveCfg = Debug|Any CPU
		{959F77A7-DC5D-4C01-8291-2660683C099C}.Debug|Any CPU.Build.0 = Debug|Any CPU
		{959F77A7-DC5D-4C01-8291-2660683C099C}.Release|Any CPU.ActiveCfg = Release|Any CPU
		{959F77A7-DC5D-4C01-8291-2660683C099C}.Release|Any CPU.Build.0 = Release|Any CPU
		{47DBB049-30B7-4A4A-ABEA-2105AD945D9C}.Debug|Any CPU.ActiveCfg = Debug|Any CPU
		{47DBB049-30B7-4A4A-ABEA-2105AD945D9C}.Debug|Any CPU.Build.0 = Debug|Any CPU
		{47DBB049-30B7-4A4A-ABEA-2105AD945D9C}.Release|Any CPU.ActiveCfg = Release|Any CPU
		{47DBB049-30B7-4A4A-ABEA-2105AD945D9C}.Release|Any CPU.Build.0 = Release|Any CPU
	EndGlobalSection
	GlobalSection(NestedProjects) = preSolution
		{0034AEFA-ED66-47FA-AA37-1AB01F371AAF} = {AF8CA35D-63B3-4B8B-95B1-4717C57ED0E1}
		{BA8BF006-1EAD-4758-B3D4-A9500763602E} = {AF8CA35D-63B3-4B8B-95B1-4717C57ED0E1}
		{1348175E-50BC-43C4-9196-AF05E4AB21D3} = {AF8CA35D-63B3-4B8B-95B1-4717C57ED0E1}
		{5C528D33-1973-412A-8068-8397B7BE5897} = {AF8CA35D-63B3-4B8B-95B1-4717C57ED0E1}
		{D428D0A2-A166-4522-98CF-6365261E2C8F} = {AF8CA35D-63B3-4B8B-95B1-4717C57ED0E1}
		{BA344BAD-2E55-4617-B2E0-926D67D8BBA8} = {0EC9D629-BCAE-4603-9ACA-8479877FA198}
		{704B3DBB-458D-4C83-818D-3BE403AA433B} = {AF8CA35D-63B3-4B8B-95B1-4717C57ED0E1}
		{959F77A7-DC5D-4C01-8291-2660683C099C} = {AF8CA35D-63B3-4B8B-95B1-4717C57ED0E1}
	EndGlobalSection
EndGlobal
