
Microsoft Visual Studio Solution File, Format Version 12.00
Project("{FAE04EC0-301F-11D3-BF4B-00C04F79EFBC}") = "OsuPlayer", "OsuPlayer\OsuPlayer.csproj", "{600BF274-0B41-4748-A679-95F90F1DE679}"
EndProject
Project("{FAE04EC0-301F-11D3-BF4B-00C04F79EFBC}") = "OsuPlayer.Audio", "OsuPlayer.Audio\OsuPlayer.Audio.csproj", "{6C122F4A-82A3-4613-A827-8A38E66F84D8}"
EndProject
Project("{FAE04EC0-301F-11D3-BF4B-00C04F79EFBC}") = "OsuPlayer.Network", "OsuPlayer.Network\OsuPlayer.Network.csproj", "{86F02EB7-D607-4045-B051-A6F24E03B4F6}"
EndProject
Project("{FAE04EC0-301F-11D3-BF4B-00C04F79EFBC}") = "OsuPlayer.IO", "OsuPlayer.IO\OsuPlayer.IO.csproj", "{D385230F-98DC-464E-8B07-436D81F80AE7}"
EndProject
Project("{FAE04EC0-301F-11D3-BF4B-00C04F79EFBC}") = "OsuPlayer.Extensions", "OsuPlayer.Extensions\OsuPlayer.Extensions.csproj", "{93B0C628-04FB-4994-8ABC-286E5A45C881}"
EndProject
Project("{2150E333-8FDC-42A3-9474-1A3956D46DE8}") = "Modules", "Modules", "{AF8CA35D-63B3-4B8B-95B1-4717C57ED0E1}"
EndProject
Project("{FAE04EC0-301F-11D3-BF4B-00C04F79EFBC}") = "OsuPlayer.Data", "OsuPlayer.Data\OsuPlayer.Data.csproj", "{0034AEFA-ED66-47FA-AA37-1AB01F371AAF}"
EndProject
Global
	GlobalSection(SolutionConfigurationPlatforms) = preSolution
		Debug|Any CPU = Debug|Any CPU
		Release|Any CPU = Release|Any CPU
	EndGlobalSection
	GlobalSection(ProjectConfigurationPlatforms) = postSolution
		{600BF274-0B41-4748-A679-95F90F1DE679}.Debug|Any CPU.ActiveCfg = Debug|Any CPU
		{600BF274-0B41-4748-A679-95F90F1DE679}.Debug|Any CPU.Build.0 = Debug|Any CPU
		{600BF274-0B41-4748-A679-95F90F1DE679}.Release|Any CPU.ActiveCfg = Release|Any CPU
		{600BF274-0B41-4748-A679-95F90F1DE679}.Release|Any CPU.Build.0 = Release|Any CPU
		{6C122F4A-82A3-4613-A827-8A38E66F84D8}.Debug|Any CPU.ActiveCfg = Debug|Any CPU
		{6C122F4A-82A3-4613-A827-8A38E66F84D8}.Debug|Any CPU.Build.0 = Debug|Any CPU
		{6C122F4A-82A3-4613-A827-8A38E66F84D8}.Release|Any CPU.ActiveCfg = Release|Any CPU
		{6C122F4A-82A3-4613-A827-8A38E66F84D8}.Release|Any CPU.Build.0 = Release|Any CPU
		{86F02EB7-D607-4045-B051-A6F24E03B4F6}.Debug|Any CPU.ActiveCfg = Debug|Any CPU
		{86F02EB7-D607-4045-B051-A6F24E03B4F6}.Debug|Any CPU.Build.0 = Debug|Any CPU
		{86F02EB7-D607-4045-B051-A6F24E03B4F6}.Release|Any CPU.ActiveCfg = Release|Any CPU
		{86F02EB7-D607-4045-B051-A6F24E03B4F6}.Release|Any CPU.Build.0 = Release|Any CPU
		{D385230F-98DC-464E-8B07-436D81F80AE7}.Debug|Any CPU.ActiveCfg = Debug|Any CPU
		{D385230F-98DC-464E-8B07-436D81F80AE7}.Debug|Any CPU.Build.0 = Debug|Any CPU
		{D385230F-98DC-464E-8B07-436D81F80AE7}.Release|Any CPU.ActiveCfg = Release|Any CPU
		{D385230F-98DC-464E-8B07-436D81F80AE7}.Release|Any CPU.Build.0 = Release|Any CPU
		{93B0C628-04FB-4994-8ABC-286E5A45C881}.Debug|Any CPU.ActiveCfg = Debug|Any CPU
		{93B0C628-04FB-4994-8ABC-286E5A45C881}.Debug|Any CPU.Build.0 = Debug|Any CPU
		{93B0C628-04FB-4994-8ABC-286E5A45C881}.Release|Any CPU.ActiveCfg = Release|Any CPU
		{93B0C628-04FB-4994-8ABC-286E5A45C881}.Release|Any CPU.Build.0 = Release|Any CPU
		{0034AEFA-ED66-47FA-AA37-1AB01F371AAF}.Debug|Any CPU.ActiveCfg = Debug|Any CPU
		{0034AEFA-ED66-47FA-AA37-1AB01F371AAF}.Debug|Any CPU.Build.0 = Debug|Any CPU
		{0034AEFA-ED66-47FA-AA37-1AB01F371AAF}.Release|Any CPU.ActiveCfg = Release|Any CPU
		{0034AEFA-ED66-47FA-AA37-1AB01F371AAF}.Release|Any CPU.Build.0 = Release|Any CPU
	EndGlobalSection
	GlobalSection(NestedProjects) = preSolution
		{6C122F4A-82A3-4613-A827-8A38E66F84D8} = {AF8CA35D-63B3-4B8B-95B1-4717C57ED0E1}
		{93B0C628-04FB-4994-8ABC-286E5A45C881} = {AF8CA35D-63B3-4B8B-95B1-4717C57ED0E1}
		{D385230F-98DC-464E-8B07-436D81F80AE7} = {AF8CA35D-63B3-4B8B-95B1-4717C57ED0E1}
		{86F02EB7-D607-4045-B051-A6F24E03B4F6} = {AF8CA35D-63B3-4B8B-95B1-4717C57ED0E1}
		{0034AEFA-ED66-47FA-AA37-1AB01F371AAF} = {AF8CA35D-63B3-4B8B-95B1-4717C57ED0E1}
	EndGlobalSection
EndGlobal
